
Microsoft Visual Studio Solution File, Format Version 12.00
Project("{FAE04EC0-301F-11D3-BF4B-00C04F79EFBC}") = "Ultz.SuperInvoke", "src\Ultz.SuperInvoke\Ultz.SuperInvoke.csproj", "{828161DC-81AD-4F05-8349-776D34C537A5}"
EndProject
Project("{FAE04EC0-301F-11D3-BF4B-00C04F79EFBC}") = "Ultz.SuperPack", "src\Ultz.SuperPack\Ultz.SuperPack.csproj", "{98D39F7A-F7E5-4C5C-A457-132612436C90}"
EndProject
Project("{2150E333-8FDC-42A3-9474-1A3956D46DE8}") = "src", "src", "{A6F70F15-F6FC-416B-AC6B-15E422E761A8}"
ProjectSection(SolutionItems) = preProject
	src\Directory.Build.props = src\Directory.Build.props
EndProjectSection
EndProject
Project("{2150E333-8FDC-42A3-9474-1A3956D46DE8}") = "examples", "examples", "{7372CF01-1E2A-4F69-8A41-CCA41F6F7E4C}"
EndProject
Project("{FAE04EC0-301F-11D3-BF4B-00C04F79EFBC}") = "TestApp", "examples\TestApp\TestApp.csproj", "{888BA7B3-6019-4401-A9D5-C1B645D021BB}"
EndProject
Project("{FAE04EC0-301F-11D3-BF4B-00C04F79EFBC}") = "TestNs", "examples\TestNs\TestNs.csproj", "{B7E4F770-47B6-4FBA-B90E-637B377B3C99}"
EndProject
Project("{FAE04EC0-301F-11D3-BF4B-00C04F79EFBC}") = "Ultz.SuperInvoke.Loader", "src\Ultz.SuperInvoke.Loader\Ultz.SuperInvoke.Loader.csproj", "{B58DC8AD-3022-4A37-99DD-C9C3211A137C}"
EndProject
Project("{FAE04EC0-301F-11D3-BF4B-00C04F79EFBC}") = "Ultz.SuperInvoke.AOT", "src\Ultz.SuperInvoke.AOT\Ultz.SuperInvoke.AOT.csproj", "{DF6A14A0-BA14-442A-A7E2-ECB80AE5869B}"
EndProject
Project("{FAE04EC0-301F-11D3-BF4B-00C04F79EFBC}") = "Ultz.SuperBind.Core", "src\Ultz.SuperBind.Core\Ultz.SuperBind.Core.csproj", "{4C4B84B3-CF79-40DC-8AD9-9C389C0D46D4}"
EndProject
Project("{FAE04EC0-301F-11D3-BF4B-00C04F79EFBC}") = "Ultz.SuperBind.Writers", "src\Ultz.SuperBind.Writers\Ultz.SuperBind.Writers.csproj", "{4324C30B-1A6B-481D-AD32-AE6C72B63261}"
EndProject
Global
	GlobalSection(SolutionConfigurationPlatforms) = preSolution
		Debug|Any CPU = Debug|Any CPU
		Release|Any CPU = Release|Any CPU
	EndGlobalSection
	GlobalSection(ProjectConfigurationPlatforms) = postSolution
		{828161DC-81AD-4F05-8349-776D34C537A5}.Debug|Any CPU.ActiveCfg = Debug|Any CPU
		{828161DC-81AD-4F05-8349-776D34C537A5}.Debug|Any CPU.Build.0 = Debug|Any CPU
		{828161DC-81AD-4F05-8349-776D34C537A5}.Release|Any CPU.ActiveCfg = Release|Any CPU
		{828161DC-81AD-4F05-8349-776D34C537A5}.Release|Any CPU.Build.0 = Release|Any CPU
		{98D39F7A-F7E5-4C5C-A457-132612436C90}.Debug|Any CPU.ActiveCfg = Debug|Any CPU
		{98D39F7A-F7E5-4C5C-A457-132612436C90}.Debug|Any CPU.Build.0 = Debug|Any CPU
		{98D39F7A-F7E5-4C5C-A457-132612436C90}.Release|Any CPU.ActiveCfg = Release|Any CPU
		{98D39F7A-F7E5-4C5C-A457-132612436C90}.Release|Any CPU.Build.0 = Release|Any CPU
		{888BA7B3-6019-4401-A9D5-C1B645D021BB}.Debug|Any CPU.ActiveCfg = Debug|Any CPU
		{888BA7B3-6019-4401-A9D5-C1B645D021BB}.Debug|Any CPU.Build.0 = Debug|Any CPU
		{888BA7B3-6019-4401-A9D5-C1B645D021BB}.Release|Any CPU.ActiveCfg = Release|Any CPU
		{888BA7B3-6019-4401-A9D5-C1B645D021BB}.Release|Any CPU.Build.0 = Release|Any CPU
		{B7E4F770-47B6-4FBA-B90E-637B377B3C99}.Debug|Any CPU.ActiveCfg = Debug|Any CPU
		{B7E4F770-47B6-4FBA-B90E-637B377B3C99}.Debug|Any CPU.Build.0 = Debug|Any CPU
		{B7E4F770-47B6-4FBA-B90E-637B377B3C99}.Release|Any CPU.ActiveCfg = Release|Any CPU
		{B7E4F770-47B6-4FBA-B90E-637B377B3C99}.Release|Any CPU.Build.0 = Release|Any CPU
		{B58DC8AD-3022-4A37-99DD-C9C3211A137C}.Debug|Any CPU.ActiveCfg = Debug|Any CPU
		{B58DC8AD-3022-4A37-99DD-C9C3211A137C}.Debug|Any CPU.Build.0 = Debug|Any CPU
		{B58DC8AD-3022-4A37-99DD-C9C3211A137C}.Release|Any CPU.ActiveCfg = Release|Any CPU
		{B58DC8AD-3022-4A37-99DD-C9C3211A137C}.Release|Any CPU.Build.0 = Release|Any CPU
		{DF6A14A0-BA14-442A-A7E2-ECB80AE5869B}.Debug|Any CPU.ActiveCfg = Debug|Any CPU
		{DF6A14A0-BA14-442A-A7E2-ECB80AE5869B}.Debug|Any CPU.Build.0 = Debug|Any CPU
		{DF6A14A0-BA14-442A-A7E2-ECB80AE5869B}.Release|Any CPU.ActiveCfg = Release|Any CPU
		{DF6A14A0-BA14-442A-A7E2-ECB80AE5869B}.Release|Any CPU.Build.0 = Release|Any CPU
		{4C4B84B3-CF79-40DC-8AD9-9C389C0D46D4}.Debug|Any CPU.ActiveCfg = Debug|Any CPU
		{4C4B84B3-CF79-40DC-8AD9-9C389C0D46D4}.Debug|Any CPU.Build.0 = Debug|Any CPU
		{4C4B84B3-CF79-40DC-8AD9-9C389C0D46D4}.Release|Any CPU.ActiveCfg = Release|Any CPU
		{4C4B84B3-CF79-40DC-8AD9-9C389C0D46D4}.Release|Any CPU.Build.0 = Release|Any CPU
		{4324C30B-1A6B-481D-AD32-AE6C72B63261}.Debug|Any CPU.ActiveCfg = Debug|Any CPU
		{4324C30B-1A6B-481D-AD32-AE6C72B63261}.Debug|Any CPU.Build.0 = Debug|Any CPU
		{4324C30B-1A6B-481D-AD32-AE6C72B63261}.Release|Any CPU.ActiveCfg = Release|Any CPU
		{4324C30B-1A6B-481D-AD32-AE6C72B63261}.Release|Any CPU.Build.0 = Release|Any CPU
	EndGlobalSection
	GlobalSection(NestedProjects) = preSolution
		{828161DC-81AD-4F05-8349-776D34C537A5} = {A6F70F15-F6FC-416B-AC6B-15E422E761A8}
		{98D39F7A-F7E5-4C5C-A457-132612436C90} = {A6F70F15-F6FC-416B-AC6B-15E422E761A8}
		{888BA7B3-6019-4401-A9D5-C1B645D021BB} = {7372CF01-1E2A-4F69-8A41-CCA41F6F7E4C}
		{B7E4F770-47B6-4FBA-B90E-637B377B3C99} = {7372CF01-1E2A-4F69-8A41-CCA41F6F7E4C}
		{B58DC8AD-3022-4A37-99DD-C9C3211A137C} = {A6F70F15-F6FC-416B-AC6B-15E422E761A8}
		{DF6A14A0-BA14-442A-A7E2-ECB80AE5869B} = {A6F70F15-F6FC-416B-AC6B-15E422E761A8}
		{4C4B84B3-CF79-40DC-8AD9-9C389C0D46D4} = {A6F70F15-F6FC-416B-AC6B-15E422E761A8}
		{4324C30B-1A6B-481D-AD32-AE6C72B63261} = {A6F70F15-F6FC-416B-AC6B-15E422E761A8}
	EndGlobalSection
EndGlobal
